<?xml version="1.0" encoding="utf-8"?>
<Project ToolsVersion="4.0" xmlns="http://schemas.microsoft.com/developer/msbuild/2003">
  <ItemGroup>
    <Filter Include="Include">
      <UniqueIdentifier>{93995380-89BD-4b04-88EB-625FBE52EBFB}</UniqueIdentifier>
      <Extensions>h;hh;hpp;hxx;h++;hm;inl;inc;ipp;xsd</Extensions>
    </Filter>
    <Filter Include="Source">
      <UniqueIdentifier>{4FC737F1-C7A5-4376-A066-2A32D752A2FF}</UniqueIdentifier>
      <Extensions>cpp;c;cc;cxx;c++;cppm;ixx;def;odl;idl;hpj;bat;asm;asmx</Extensions>
    </Filter>
    <Filter Include="Source\Core">
      <UniqueIdentifier>{92bd5671-5cd5-4cc0-ba8c-8611216e353e}</UniqueIdentifier>
    </Filter>
    <Filter Include="Source\Math">
      <UniqueIdentifier>{10f2d13b-e9c1-4181-a591-0fe890a8d5f2}</UniqueIdentifier>
    </Filter>
    <Filter Include="Source\Renderer">
      <UniqueIdentifier>{6c179f99-32db-439d-bef6-bb7c33b7d689}</UniqueIdentifier>
    </Filter>
    <Filter Include="Input">
      <UniqueIdentifier>{47fff5b0-5396-4471-92b4-8cc7cba2d74a}</UniqueIdentifier>
    </Filter>
    <Filter Include="Source\Audio">
      <UniqueIdentifier>{bc4b0ed9-37f4-4069-a110-857150412ca5}</UniqueIdentifier>
    </Filter>
    <Filter Include="Source\Framework">
      <UniqueIdentifier>{89eedae9-d66f-477d-b497-72cd2895939e}</UniqueIdentifier>
    </Filter>
  </ItemGroup>
  <ItemGroup>
    <ClCompile Include="Engine.cpp">
      <Filter>Source</Filter>
    </ClCompile>
    <ClCompile Include="Core\Time.cpp">
      <Filter>Source\Core</Filter>
    </ClCompile>
    <ClCompile Include="Input\InputSystems.cpp">
      <Filter>Input</Filter>
    </ClCompile>
    <ClCompile Include="Audio\AudioSystem.cpp">
      <Filter>Source\Audio</Filter>
    </ClCompile>
    <ClCompile Include="Core\StringHelper.cpp">
      <Filter>Source\Core</Filter>
    </ClCompile>
    <ClCompile Include="Renderer\Model.cpp">
      <Filter>Source\Renderer</Filter>
    </ClCompile>
    <ClCompile Include="Framework\Scene.cpp">
      <Filter>Source\Framework</Filter>
    </ClCompile>
    <ClCompile Include="Framework\Actor.cpp">
      <Filter>Source\Framework</Filter>
    </ClCompile>
    <ClCompile Include="Framework\Game.cpp">
      <Filter>Source\Framework</Filter>
    </ClCompile>
    <ClCompile Include="Renderer\Renderer.cpp">
      <Filter>Source\Renderer</Filter>
    </ClCompile>
    <ClCompile Include="Renderer\Font.cpp">
      <Filter>Source\Renderer</Filter>
    </ClCompile>
    <ClCompile Include="Renderer\Text.cpp">
      <Filter>Source\Renderer</Filter>
    </ClCompile>
    <ClCompile Include="Core\File.cpp">
      <Filter>Source\Core</Filter>
    </ClCompile>
    <ClCompile Include="Renderer\ParticleSystem.cpp">
      <Filter>Source</Filter>
    </ClCompile>
    <ClCompile Include="Renderer\Texture.cpp">
      <Filter>Source</Filter>
    </ClCompile>
    <ClCompile Include="EnginePCH.cpp">
      <Filter>Source</Filter>
    </ClCompile>
    <ClCompile Include="Components\SpriteRenderer.cpp">
      <Filter>Source</Filter>
    </ClCompile>
  </ItemGroup>
  <ItemGroup>
    <ClInclude Include="Core\Random.h">
      <Filter>Source\Core</Filter>
    </ClInclude>
    <ClInclude Include="Core\Time.h">
      <Filter>Source\Core</Filter>
    </ClInclude>
    <ClInclude Include="Math\Math.h">
      <Filter>Source\Math</Filter>
    </ClInclude>
    <ClInclude Include="Core\File.h">
      <Filter>Source\Core</Filter>
    </ClInclude>
    <ClInclude Include="Renderer\Renderer.h">
      <Filter>Source\Renderer</Filter>
    </ClInclude>
    <ClInclude Include="Math\Vector2.h">
      <Filter>Source\Math</Filter>
    </ClInclude>
    <ClInclude Include="Input\InputSystem.h">
      <Filter>Input</Filter>
    </ClInclude>
    <ClInclude Include="Audio\AudioSystem.h">
      <Filter>Source\Audio</Filter>
    </ClInclude>
    <ClInclude Include="Math\Vector3.h">
      <Filter>Source\Math</Filter>
    </ClInclude>
    <ClInclude Include="Core\StringHelper.h">
      <Filter>Source\Core</Filter>
    </ClInclude>
    <ClInclude Include="Renderer\Model.h">
      <Filter>Source\Renderer</Filter>
    </ClInclude>
    <ClInclude Include="Math\Transform.h">
      <Filter>Source\Math</Filter>
    </ClInclude>
    <ClInclude Include="Framework\Scene.h">
      <Filter>Source\Framework</Filter>
    </ClInclude>
    <ClInclude Include="Framework\Actor.h">
      <Filter>Source\Framework</Filter>
    </ClInclude>
    <ClInclude Include="Engine.h">
      <Filter>Source</Filter>
    </ClInclude>
    <ClInclude Include="Framework\Game.h">
      <Filter>Source\Framework</Filter>
    </ClInclude>
    <ClInclude Include="Renderer\Font.h">
      <Filter>Source\Renderer</Filter>
    </ClInclude>
    <ClInclude Include="Renderer\Text.h">
      <Filter>Source\Renderer</Filter>
    </ClInclude>
    <ClInclude Include="Renderer\ParticleSystem.h">
      <Filter>Include</Filter>
    </ClInclude>
    <ClInclude Include="Renderer\Texture.h">
      <Filter>Include</Filter>
    </ClInclude>
    <ClInclude Include="Resources\Resource.h">
      <Filter>Include</Filter>
    </ClInclude>
    <ClInclude Include="Resources\ResourceManager.h">
      <Filter>Include</Filter>
    </ClInclude>
    <ClInclude Include="Core\Singleton.h">
      <Filter>Include</Filter>
    </ClInclude>
    <ClInclude Include="Core\Logger.h">
      <Filter>Include</Filter>
    </ClInclude>
    <ClInclude Include="EngineMinimal.h">
      <Filter>Include</Filter>
    </ClInclude>
    <ClInclude Include="EnginePCH.h">
      <Filter>Include</Filter>
    </ClInclude>
    <ClInclude Include="Framework\Object.h">
      <Filter>Include</Filter>
    </ClInclude>
    <ClInclude Include="Framework\Component.h">
      <Filter>Include</Filter>
    </ClInclude>
    <ClInclude Include="Components\RendererComponent.h">
      <Filter>Include</Filter>
    </ClInclude>
    <ClInclude Include="Components\SpriteRenderer.h">
      <Filter>Include</Filter>
    </ClInclude>
  </ItemGroup>
</Project>