
Microsoft Visual Studio Solution File, Format Version 12.00
# Visual Studio Version 17
VisualStudioVersion = 17.14.36221.1 d17.14
MinimumVisualStudioVersion = 10.0.40219.1
Project("{8BC9CEB8-8B4A-11D0-8D11-00A0C91BC942}") = "Engine", "Source\Engine\Engine.vcxproj", "{CB1C6199-2E94-4B65-8788-036F71001B00}"
EndProject
Project("{8BC9CEB8-8B4A-11D0-8D11-00A0C91BC942}") = "Game", "Source\Game\Game.vcxproj", "{2E888422-1198-4CC0-8A5D-C762729A4B67}"
EndProject
Global
	GlobalSection(SolutionConfigurationPlatforms) = preSolution
		Debug|x64 = Debug|x64
		Debug|x86 = Debug|x86
		Release|x64 = Release|x64
		Release|x86 = Release|x86
	EndGlobalSection
	GlobalSection(ProjectConfigurationPlatforms) = postSolution
		{CB1C6199-2E94-4B65-8788-036F71001B00}.Debug|x64.ActiveCfg = Debug|x64
		{CB1C6199-2E94-4B65-8788-036F71001B00}.Debug|x64.Build.0 = Debug|x64
		{CB1C6199-2E94-4B65-8788-036F71001B00}.Debug|x86.ActiveCfg = Debug|Win32
		{CB1C6199-2E94-4B65-8788-036F71001B00}.Debug|x86.Build.0 = Debug|Win32
		{CB1C6199-2E94-4B65-8788-036F71001B00}.Release|x64.ActiveCfg = Release|x64
		{CB1C6199-2E94-4B65-8788-036F71001B00}.Release|x64.Build.0 = Release|x64
		{CB1C6199-2E94-4B65-8788-036F71001B00}.Release|x86.ActiveCfg = Release|Win32
		{CB1C6199-2E94-4B65-8788-036F71001B00}.Release|x86.Build.0 = Release|Win32
		{2E888422-1198-4CC0-8A5D-C762729A4B67}.Debug|x64.ActiveCfg = Debug|x64
		{2E888422-1198-4CC0-8A5D-C762729A4B67}.Debug|x64.Build.0 = Debug|x64
		{2E888422-1198-4CC0-8A5D-C762729A4B67}.Debug|x86.ActiveCfg = Debug|Win32
		{2E888422-1198-4CC0-8A5D-C762729A4B67}.Debug|x86.Build.0 = Debug|Win32
		{2E888422-1198-4CC0-8A5D-C762729A4B67}.Release|x64.ActiveCfg = Release|x64
		{2E888422-1198-4CC0-8A5D-C762729A4B67}.Release|x64.Build.0 = Release|x64
		{2E888422-1198-4CC0-8A5D-C762729A4B67}.Release|x86.ActiveCfg = Release|Win32
		{2E888422-1198-4CC0-8A5D-C762729A4B67}.Release|x86.Build.0 = Release|Win32
	EndGlobalSection
	GlobalSection(SolutionProperties) = preSolution
		HideSolutionNode = FALSE
	EndGlobalSection
	GlobalSection(ExtensibilityGlobals) = postSolution
		SolutionGuid = {F1B1E67D-BD43-4F7F-91D4-53EFE3156489}
	EndGlobalSection
EndGlobal
