<?xml version="1.0" encoding="utf-8"?>
<Project ToolsVersion="4.0" xmlns="http://schemas.microsoft.com/developer/msbuild/2003">
  <ItemGroup>
    <Filter Include="Source">
      <UniqueIdentifier>{4FC737F1-C7A5-4376-A066-2A32D752A2FF}</UniqueIdentifier>
      <Extensions>cpp;c;cc;cxx;c++;cppm;ixx;def;odl;idl;hpj;bat;asm;asmx</Extensions>
    </Filter>
    <Filter Include="Source\Game">
      <UniqueIdentifier>{e859fd74-b1d4-43c5-9d65-fd56e2076ae7}</UniqueIdentifier>
    </Filter>
  </ItemGroup>
  <ItemGroup>
    <ClCompile Include="Main.cpp">
      <Filter>Source</Filter>
    </ClCompile>
    <ClCompile Include="Space\Player.cpp">
      <Filter>Source\Game</Filter>
    </ClCompile>
    <ClCompile Include="Space\Enemy.cpp">
      <Filter>Source\Game</Filter>
    </ClCompile>
    <ClCompile Include="Space\SpaceGame.cpp">
      <Filter>Source\Game</Filter>
    </ClCompile>
    <ClCompile Include="Space\GameData.cpp">
      <Filter>Source\Game</Filter>
    </ClCompile>
    <ClCompile Include="Space\Rocket.cpp">
      <Filter>Source\Game</Filter>
    </ClCompile>
    <ClCompile Include="Space\FireratePowerup.cpp">
      <Filter>Source</Filter>
    </ClCompile>
    <ClCompile Include="Space\Laser.cpp">
      <Filter>Source</Filter>
    </ClCompile>
    <ClCompile Include="GamePCH.cpp">
      <Filter>Source</Filter>
    </ClCompile>
    <ClCompile Include="Platformer\PlatformerGame.cpp">
      <Filter>Source</Filter>
    </ClCompile>
    <ClCompile Include="Platformer\PlayerController.cpp">
      <Filter>Source</Filter>
    </ClCompile>
    <ClCompile Include="Platformer\EnemyController.cpp">
      <Filter>Source</Filter>
    </ClCompile>
  </ItemGroup>
  <ItemGroup>
    <ClInclude Include="Space\Player.h">
      <Filter>Source\Game</Filter>
    </ClInclude>
    <ClInclude Include="Space\Enemy.h">
      <Filter>Source\Game</Filter>
    </ClInclude>
    <ClInclude Include="Space\SpaceGame.h">
      <Filter>Source\Game</Filter>
    </ClInclude>
    <ClInclude Include="Space\GameData.h">
      <Filter>Source\Game</Filter>
    </ClInclude>
    <ClInclude Include="Space\Rocket.h">
      <Filter>Source\Game</Filter>
    </ClInclude>
    <ClInclude Include="Space\FireratePowerup.h" />
    <ClInclude Include="Space\Laser.h" />
    <ClInclude Include="GamePCH.h" />
    <ClInclude Include="Platformer\PlatformerGame.h" />
    <ClInclude Include="Platformer\PlayerController.h" />
    <ClInclude Include="Platformer\EnemyController.h" />
  </ItemGroup>
  <ItemGroup>
    <Text Include="..\..\Build\Assets\Meshes\enemy.txt" />
  </ItemGroup>
  <ItemGroup>
    <None Include="..\..\Build\Assets\Platformer\Scenes\prototypes.json" />
    <None Include="..\..\Build\Assets\Platformer\Scenes\level.json" />
  </ItemGroup>
</Project>